
Microsoft Visual Studio Solution File, Format Version 12.00
# Visual Studio Version 16
VisualStudioVersion = 16.0.30907.101
MinimumVisualStudioVersion = 10.0.40219.1
Project("{FAE04EC0-301F-11D3-BF4B-00C04F79EFBC}") = "SBSClientManagement", "SBSClientManagement\SBSClientManagement.csproj", "{040BCC17-4AF2-46F2-94A9-8852F7E28E63}"
EndProject
Global
	GlobalSection(SolutionConfigurationPlatforms) = preSolution
		Debug|Any CPU = Debug|Any CPU
		Release|Any CPU = Release|Any CPU
	EndGlobalSection
	GlobalSection(ProjectConfigurationPlatforms) = postSolution
		{040BCC17-4AF2-46F2-94A9-8852F7E28E63}.Debug|Any CPU.ActiveCfg = Debug|Any CPU
		{040BCC17-4AF2-46F2-94A9-8852F7E28E63}.Debug|Any CPU.Build.0 = Debug|Any CPU
		{040BCC17-4AF2-46F2-94A9-8852F7E28E63}.Release|Any CPU.ActiveCfg = Release|Any CPU
		{040BCC17-4AF2-46F2-94A9-8852F7E28E63}.Release|Any CPU.Build.0 = Release|Any CPU
	EndGlobalSection
	GlobalSection(SolutionProperties) = preSolution
		HideSolutionNode = FALSE
	EndGlobalSection
	GlobalSection(ExtensibilityGlobals) = postSolution
		SolutionGuid = {603CFED4-B51A-4AE3-9514-B760160ED450}
	EndGlobalSection
EndGlobal
